
Microsoft Visual Studio Solution File, Format Version 12.00
# Visual Studio Version 17
VisualStudioVersion = 17.0.32126.317
MinimumVisualStudioVersion = 10.0.40219.1
Project("{FAE04EC0-301F-11D3-BF4B-00C04F79EFBC}") = "TablaDePosiciones", "TablaDePosiciones\TablaDePosiciones.csproj", "{4AD73CEB-266F-4BBC-B4AD-C69C29CE9EC3}"
EndProject
Global
	GlobalSection(SolutionConfigurationPlatforms) = preSolution
		Debug|Any CPU = Debug|Any CPU
		Release|Any CPU = Release|Any CPU
	EndGlobalSection
	GlobalSection(ProjectConfigurationPlatforms) = postSolution
		{4AD73CEB-266F-4BBC-B4AD-C69C29CE9EC3}.Debug|Any CPU.ActiveCfg = Debug|Any CPU
		{4AD73CEB-266F-4BBC-B4AD-C69C29CE9EC3}.Debug|Any CPU.Build.0 = Debug|Any CPU
		{4AD73CEB-266F-4BBC-B4AD-C69C29CE9EC3}.Release|Any CPU.ActiveCfg = Release|Any CPU
		{4AD73CEB-266F-4BBC-B4AD-C69C29CE9EC3}.Release|Any CPU.Build.0 = Release|Any CPU
	EndGlobalSection
	GlobalSection(SolutionProperties) = preSolution
		HideSolutionNode = FALSE
	EndGlobalSection
	GlobalSection(ExtensibilityGlobals) = postSolution
		SolutionGuid = {B52DFF65-0622-4542-B6FA-F8CF0D383EF7}
	EndGlobalSection
EndGlobal
